
Microsoft Visual Studio Solution File, Format Version 12.00
Project("{FAE04EC0-301F-11D3-BF4B-00C04F79EFBC}") = "ShiftsLogger.ConsoleApp", "ShiftsLogger.ConsoleApp\ShiftsLogger.ConsoleApp.csproj", "{E23A727F-4B02-48B4-A446-F7CC4C078662}"
EndProject
Project("{FAE04EC0-301F-11D3-BF4B-00C04F79EFBC}") = "Shared", "..\ShiftsLogger.WebApi\Shared\Shared.csproj", "{1ABB8318-2263-4360-910B-B95EA2151481}"
EndProject
Project("{FAE04EC0-301F-11D3-BF4B-00C04F79EFBC}") = "Entity", "Entity\Entity.csproj", "{FBF501F3-D5E8-4984-BED7-A7EB8261F808}"
EndProject
Project("{FAE04EC0-301F-11D3-BF4B-00C04F79EFBC}") = "Services", "Services\Services.csproj", "{1B96372F-0757-409E-A8AD-96ED684C728C}"
EndProject
Project("{FAE04EC0-301F-11D3-BF4B-00C04F79EFBC}") = "Contracts", "Contracts\Contracts.csproj", "{98AF8DC8-CD56-46E1-9072-A7CFFFA2F4A7}"
EndProject
Project("{FAE04EC0-301F-11D3-BF4B-00C04F79EFBC}") = "LoggerService", "..\ShiftsLogger.WebApi\LoggerService\LoggerService.csproj", "{25ABFC25-E794-4123-B90E-9A0A97046E36}"
EndProject
Project("{FAE04EC0-301F-11D3-BF4B-00C04F79EFBC}") = "LoggerService.Extensions", "LoggerService.Extensions\LoggerService.Extensions.csproj", "{341FD46D-6372-457E-ACC9-DAD0F22E6091}"
EndProject
Project("{FAE04EC0-301F-11D3-BF4B-00C04F79EFBC}") = "UriExtensions", "UriExtensions\UriExtensions.csproj", "{695F65BE-81D4-4AD8-906E-C122D00DBD70}"
EndProject
Project("{FAE04EC0-301F-11D3-BF4B-00C04F79EFBC}") = "Services.Contracts", "Services.Contracts\Services.Contracts.csproj", "{15525D61-B0C7-4986-B847-26C6691FACC0}"
EndProject
Project("{2150E333-8FDC-42A3-9474-1A3956D46DE8}") = "View", "View", "{1FDD5202-49EE-4096-85E9-3919EA2CCE07}"
EndProject
Project("{FAE04EC0-301F-11D3-BF4B-00C04F79EFBC}") = "View.Services", "View\View.Services\View.Services.csproj", "{D15FC53C-6E1C-4FB6-90B8-EB4913914A08}"
EndProject
Project("{FAE04EC0-301F-11D3-BF4B-00C04F79EFBC}") = "View.Contracts", "View\View.Contracts\View.Contracts.csproj", "{B8A66DA9-5674-4B1A-9291-33D28446FE8A}"
EndProject
Project("{FAE04EC0-301F-11D3-BF4B-00C04F79EFBC}") = "View.Utility", "View\View.Utility\View.Utility.csproj", "{0B14FD4C-099E-4C5C-B68A-1C07FE1B578D}"
EndProject
Project("{FAE04EC0-301F-11D3-BF4B-00C04F79EFBC}") = "View.Entity", "View\View.Entity\View.Entity.csproj", "{46A0750A-FF3C-4194-A173-CAEE22A43FE9}"
EndProject
Project("{FAE04EC0-301F-11D3-BF4B-00C04F79EFBC}") = "View.Menu", "View\View.Menu\View.Menu.csproj", "{0FDEB6D3-7473-4727-B10B-8B41527E89EC}"
EndProject
Project("{FAE04EC0-301F-11D3-BF4B-00C04F79EFBC}") = "ShiftsLogger.Presentation", "ShiftsLogger.Presentation\ShiftsLogger.Presentation.csproj", "{5B3F503B-D3B0-4AC7-9691-6A30B97D4F75}"
EndProject
Project("{FAE04EC0-301F-11D3-BF4B-00C04F79EFBC}") = "ViewConfigurator", "View\ViewConfigurator\ViewConfigurator.csproj", "{64A956A9-1723-409A-A6BC-D75A12F7A4E9}"
EndProject
Project("{FAE04EC0-301F-11D3-BF4B-00C04F79EFBC}") = "View.Services.Contracts", "View\View.Services.Contracts\View.Services.Contracts.csproj", "{3F30ACD6-F43A-4E4F-A0BE-7748FD5A298E}"
EndProject
Global
	GlobalSection(SolutionConfigurationPlatforms) = preSolution
		Debug|Any CPU = Debug|Any CPU
		Release|Any CPU = Release|Any CPU
	EndGlobalSection
	GlobalSection(ProjectConfigurationPlatforms) = postSolution
		{E23A727F-4B02-48B4-A446-F7CC4C078662}.Debug|Any CPU.ActiveCfg = Debug|Any CPU
		{E23A727F-4B02-48B4-A446-F7CC4C078662}.Debug|Any CPU.Build.0 = Debug|Any CPU
		{E23A727F-4B02-48B4-A446-F7CC4C078662}.Release|Any CPU.ActiveCfg = Release|Any CPU
		{E23A727F-4B02-48B4-A446-F7CC4C078662}.Release|Any CPU.Build.0 = Release|Any CPU
		{1ABB8318-2263-4360-910B-B95EA2151481}.Debug|Any CPU.ActiveCfg = Debug|Any CPU
		{1ABB8318-2263-4360-910B-B95EA2151481}.Debug|Any CPU.Build.0 = Debug|Any CPU
		{1ABB8318-2263-4360-910B-B95EA2151481}.Release|Any CPU.ActiveCfg = Release|Any CPU
		{1ABB8318-2263-4360-910B-B95EA2151481}.Release|Any CPU.Build.0 = Release|Any CPU
		{FBF501F3-D5E8-4984-BED7-A7EB8261F808}.Debug|Any CPU.ActiveCfg = Debug|Any CPU
		{FBF501F3-D5E8-4984-BED7-A7EB8261F808}.Debug|Any CPU.Build.0 = Debug|Any CPU
		{FBF501F3-D5E8-4984-BED7-A7EB8261F808}.Release|Any CPU.ActiveCfg = Release|Any CPU
		{FBF501F3-D5E8-4984-BED7-A7EB8261F808}.Release|Any CPU.Build.0 = Release|Any CPU
		{1B96372F-0757-409E-A8AD-96ED684C728C}.Debug|Any CPU.ActiveCfg = Debug|Any CPU
		{1B96372F-0757-409E-A8AD-96ED684C728C}.Debug|Any CPU.Build.0 = Debug|Any CPU
		{1B96372F-0757-409E-A8AD-96ED684C728C}.Release|Any CPU.ActiveCfg = Release|Any CPU
		{1B96372F-0757-409E-A8AD-96ED684C728C}.Release|Any CPU.Build.0 = Release|Any CPU
		{98AF8DC8-CD56-46E1-9072-A7CFFFA2F4A7}.Debug|Any CPU.ActiveCfg = Debug|Any CPU
		{98AF8DC8-CD56-46E1-9072-A7CFFFA2F4A7}.Debug|Any CPU.Build.0 = Debug|Any CPU
		{98AF8DC8-CD56-46E1-9072-A7CFFFA2F4A7}.Release|Any CPU.ActiveCfg = Release|Any CPU
		{98AF8DC8-CD56-46E1-9072-A7CFFFA2F4A7}.Release|Any CPU.Build.0 = Release|Any CPU
		{25ABFC25-E794-4123-B90E-9A0A97046E36}.Debug|Any CPU.ActiveCfg = Debug|Any CPU
		{25ABFC25-E794-4123-B90E-9A0A97046E36}.Debug|Any CPU.Build.0 = Debug|Any CPU
		{25ABFC25-E794-4123-B90E-9A0A97046E36}.Release|Any CPU.ActiveCfg = Release|Any CPU
		{25ABFC25-E794-4123-B90E-9A0A97046E36}.Release|Any CPU.Build.0 = Release|Any CPU
		{341FD46D-6372-457E-ACC9-DAD0F22E6091}.Debug|Any CPU.ActiveCfg = Debug|Any CPU
		{341FD46D-6372-457E-ACC9-DAD0F22E6091}.Debug|Any CPU.Build.0 = Debug|Any CPU
		{341FD46D-6372-457E-ACC9-DAD0F22E6091}.Release|Any CPU.ActiveCfg = Release|Any CPU
		{341FD46D-6372-457E-ACC9-DAD0F22E6091}.Release|Any CPU.Build.0 = Release|Any CPU
		{695F65BE-81D4-4AD8-906E-C122D00DBD70}.Debug|Any CPU.ActiveCfg = Debug|Any CPU
		{695F65BE-81D4-4AD8-906E-C122D00DBD70}.Debug|Any CPU.Build.0 = Debug|Any CPU
		{695F65BE-81D4-4AD8-906E-C122D00DBD70}.Release|Any CPU.ActiveCfg = Release|Any CPU
		{695F65BE-81D4-4AD8-906E-C122D00DBD70}.Release|Any CPU.Build.0 = Release|Any CPU
		{15525D61-B0C7-4986-B847-26C6691FACC0}.Debug|Any CPU.ActiveCfg = Debug|Any CPU
		{15525D61-B0C7-4986-B847-26C6691FACC0}.Debug|Any CPU.Build.0 = Debug|Any CPU
		{15525D61-B0C7-4986-B847-26C6691FACC0}.Release|Any CPU.ActiveCfg = Release|Any CPU
		{15525D61-B0C7-4986-B847-26C6691FACC0}.Release|Any CPU.Build.0 = Release|Any CPU
		{D15FC53C-6E1C-4FB6-90B8-EB4913914A08}.Debug|Any CPU.ActiveCfg = Debug|Any CPU
		{D15FC53C-6E1C-4FB6-90B8-EB4913914A08}.Debug|Any CPU.Build.0 = Debug|Any CPU
		{D15FC53C-6E1C-4FB6-90B8-EB4913914A08}.Release|Any CPU.ActiveCfg = Release|Any CPU
		{D15FC53C-6E1C-4FB6-90B8-EB4913914A08}.Release|Any CPU.Build.0 = Release|Any CPU
		{B8A66DA9-5674-4B1A-9291-33D28446FE8A}.Debug|Any CPU.ActiveCfg = Debug|Any CPU
		{B8A66DA9-5674-4B1A-9291-33D28446FE8A}.Debug|Any CPU.Build.0 = Debug|Any CPU
		{B8A66DA9-5674-4B1A-9291-33D28446FE8A}.Release|Any CPU.ActiveCfg = Release|Any CPU
		{B8A66DA9-5674-4B1A-9291-33D28446FE8A}.Release|Any CPU.Build.0 = Release|Any CPU
		{0B14FD4C-099E-4C5C-B68A-1C07FE1B578D}.Debug|Any CPU.ActiveCfg = Debug|Any CPU
		{0B14FD4C-099E-4C5C-B68A-1C07FE1B578D}.Debug|Any CPU.Build.0 = Debug|Any CPU
		{0B14FD4C-099E-4C5C-B68A-1C07FE1B578D}.Release|Any CPU.ActiveCfg = Release|Any CPU
		{0B14FD4C-099E-4C5C-B68A-1C07FE1B578D}.Release|Any CPU.Build.0 = Release|Any CPU
		{46A0750A-FF3C-4194-A173-CAEE22A43FE9}.Debug|Any CPU.ActiveCfg = Debug|Any CPU
		{46A0750A-FF3C-4194-A173-CAEE22A43FE9}.Debug|Any CPU.Build.0 = Debug|Any CPU
		{46A0750A-FF3C-4194-A173-CAEE22A43FE9}.Release|Any CPU.ActiveCfg = Release|Any CPU
		{46A0750A-FF3C-4194-A173-CAEE22A43FE9}.Release|Any CPU.Build.0 = Release|Any CPU
		{0FDEB6D3-7473-4727-B10B-8B41527E89EC}.Debug|Any CPU.ActiveCfg = Debug|Any CPU
		{0FDEB6D3-7473-4727-B10B-8B41527E89EC}.Debug|Any CPU.Build.0 = Debug|Any CPU
		{0FDEB6D3-7473-4727-B10B-8B41527E89EC}.Release|Any CPU.ActiveCfg = Release|Any CPU
		{0FDEB6D3-7473-4727-B10B-8B41527E89EC}.Release|Any CPU.Build.0 = Release|Any CPU
		{5B3F503B-D3B0-4AC7-9691-6A30B97D4F75}.Debug|Any CPU.ActiveCfg = Debug|Any CPU
		{5B3F503B-D3B0-4AC7-9691-6A30B97D4F75}.Debug|Any CPU.Build.0 = Debug|Any CPU
		{5B3F503B-D3B0-4AC7-9691-6A30B97D4F75}.Release|Any CPU.ActiveCfg = Release|Any CPU
		{5B3F503B-D3B0-4AC7-9691-6A30B97D4F75}.Release|Any CPU.Build.0 = Release|Any CPU
		{64A956A9-1723-409A-A6BC-D75A12F7A4E9}.Debug|Any CPU.ActiveCfg = Debug|Any CPU
		{64A956A9-1723-409A-A6BC-D75A12F7A4E9}.Debug|Any CPU.Build.0 = Debug|Any CPU
		{64A956A9-1723-409A-A6BC-D75A12F7A4E9}.Release|Any CPU.ActiveCfg = Release|Any CPU
		{64A956A9-1723-409A-A6BC-D75A12F7A4E9}.Release|Any CPU.Build.0 = Release|Any CPU
		{3F30ACD6-F43A-4E4F-A0BE-7748FD5A298E}.Debug|Any CPU.ActiveCfg = Debug|Any CPU
		{3F30ACD6-F43A-4E4F-A0BE-7748FD5A298E}.Debug|Any CPU.Build.0 = Debug|Any CPU
		{3F30ACD6-F43A-4E4F-A0BE-7748FD5A298E}.Release|Any CPU.ActiveCfg = Release|Any CPU
		{3F30ACD6-F43A-4E4F-A0BE-7748FD5A298E}.Release|Any CPU.Build.0 = Release|Any CPU
	EndGlobalSection
	GlobalSection(NestedProjects) = preSolution
		{D15FC53C-6E1C-4FB6-90B8-EB4913914A08} = {1FDD5202-49EE-4096-85E9-3919EA2CCE07}
		{B8A66DA9-5674-4B1A-9291-33D28446FE8A} = {1FDD5202-49EE-4096-85E9-3919EA2CCE07}
		{0B14FD4C-099E-4C5C-B68A-1C07FE1B578D} = {1FDD5202-49EE-4096-85E9-3919EA2CCE07}
		{46A0750A-FF3C-4194-A173-CAEE22A43FE9} = {1FDD5202-49EE-4096-85E9-3919EA2CCE07}
		{0FDEB6D3-7473-4727-B10B-8B41527E89EC} = {1FDD5202-49EE-4096-85E9-3919EA2CCE07}
		{64A956A9-1723-409A-A6BC-D75A12F7A4E9} = {1FDD5202-49EE-4096-85E9-3919EA2CCE07}
		{3F30ACD6-F43A-4E4F-A0BE-7748FD5A298E} = {1FDD5202-49EE-4096-85E9-3919EA2CCE07}
	EndGlobalSection
EndGlobal
